{
  "nodes": {
    "anyrun": {
      "inputs": {
        "anyrun-provider": "anyrun-provider",
        "flake-parts": "flake-parts",
        "nixpkgs": [
          "nixpkgs"
        ],
        "systems": "systems"
      },
      "locked": {
        "lastModified": 1781014878,
        "narHash": "sha256-+Fx+JfSboBk8KKVgmaMKDKvMe9c3WC+7RKYjnpvMVpg=",
        "owner": "anyrun-org",
        "repo": "anyrun",
        "rev": "f3b23bc5520f7673a5119da44b3570fbe060db37",
        "type": "github"
      },
      "original": {
        "owner": "anyrun-org",
        "repo": "anyrun",
        "type": "github"
      }
    },
    "anyrun-provider": {
      "inputs": {
        "nixpkgs": [
          "anyrun",
          "nixpkgs"
        ]
      },
      "locked": {
        "lastModified": 1764705714,
        "narHash": "sha256-4rN2vWicM6Pn6eTo3Nu7IB5isbkc9u4arNMnY2+S8iM=",
        "owner": "anyrun-org",
        "repo": "anyrun-provider",
        "rev": "88a786e6029733a4c02c2c6b1024f65029b0b9cf",
        "type": "github"
      },
      "original": {
        "owner": "anyrun-org",
        "repo": "anyrun-provider",
        "type": "github"
      }
    },
    "ayugram-desktop": {
      "inputs": {
        "nixpkgs": "nixpkgs",
        "tg_owt": "tg_owt"
      },
      "locked": {
        "lastModified": 1780805564,
        "narHash": "sha256-XZtTlAiFExKvKz4wellhjDRKdy/YIEx647QOq0IM2LA=",
        "owner": "ayugram-port",
        "repo": "ayugram-desktop",
        "rev": "b1aa6f51b7efc2e31c3216295354c1c4e11ae443",
        "type": "github"
      },
      "original": {
        "owner": "ayugram-port",
        "ref": "release",
        "repo": "ayugram-desktop",
        "type": "github"
      }
    },
    "cclock": {
      "inputs": {
        "nixpkgs": "nixpkgs_2",
        "systems": "systems_2"
      },
      "locked": {
        "lastModified": 1774198101,
        "narHash": "sha256-XXK0bbfohOP7p6hnn+P5HDd8gp7nd3BNQq9bg+LSTdA=",
        "ref": "refs/heads/main",
        "rev": "1e48e8d70ac514f9e34045b62e410e403b51c615",
        "revCount": 9,
        "type": "git",
        "url": "https://codeberg.org/tenyoru/cclock"
      },
      "original": {
        "type": "git",
        "url": "https://codeberg.org/tenyoru/cclock"
      }
    },
    "disko": {
      "inputs": {
        "nixpkgs": [
          "nixpkgs"
        ]
      },
      "locked": {
        "lastModified": 1781152676,
        "narHash": "sha256-RxWs5ND31KzTG7wvMM+PMfUjyNpmIEr999lqNARaM5o=",
        "owner": "nix-community",
        "repo": "disko",
        "rev": "ff8702b4de27f72b4c78573dfb89ec74e36abdf1",
        "type": "github"
      },
      "original": {
        "owner": "nix-community",
        "repo": "disko",
        "type": "github"
      }
    },
    "dotfiles": {
      "locked": {
        "path": "./dotfiles",
        "type": "path"
      },
      "original": {
        "path": "./dotfiles",
        "type": "path"
      },
      "parent": []
    },
    "flake-compat": {
      "flake": false,
      "locked": {
        "lastModified": 1696426674,
        "narHash": "sha256-kvjfFW7WAETZlt09AgDn1MrtKzP7t90Vf7vypd3OL1U=",
        "owner": "edolstra",
        "repo": "flake-compat",
        "rev": "0f9255e01c2351cc7d116c072cb317785dd33b33",
        "type": "github"
      },
      "original": {
        "owner": "edolstra",
        "repo": "flake-compat",
        "type": "github"
      }
    },
    "flake-parts": {
      "inputs": {
        "nixpkgs-lib": [
          "anyrun",
          "nixpkgs"
        ]
      },
      "locked": {
        "lastModified": 1763759067,
        "narHash": "sha256-LlLt2Jo/gMNYAwOgdRQBrsRoOz7BPRkzvNaI/fzXi2Q=",
        "owner": "hercules-ci",
        "repo": "flake-parts",
        "rev": "2cccadc7357c0ba201788ae99c4dfa90728ef5e0",
        "type": "github"
      },
      "original": {
        "owner": "hercules-ci",
        "repo": "flake-parts",
        "type": "github"
      }
    },
    "home-manager": {
      "inputs": {
        "nixpkgs": [
          "nixpkgs"
        ]
      },
      "locked": {
        "lastModified": 1781189114,
        "narHash": "sha256-5inaamLgUMWy+MOBE9ChF9QAF1o/74LFuHkI0W/9rqc=",
        "owner": "nix-community",
        "repo": "home-manager",
        "rev": "486595d2cf49cfcd649b58a284fa11ac0e34da22",
        "type": "github"
      },
      "original": {
        "owner": "nix-community",
        "repo": "home-manager",
        "type": "github"
      }
    },
    "luajit-src": {
      "flake": false,
      "locked": {
        "lastModified": 1763177035,
        "narHash": "sha256-oYD86MqmlJpiCuEs4LwVtxvarPtz1RPWm8nJqNE0sBs=",
        "owner": "SteamClientHomebrew",
        "repo": "LuaJIT",
        "rev": "89550023569c3e195e75e12951c067fe5591e0d2",
        "type": "github"
      },
      "original": {
        "owner": "SteamClientHomebrew",
        "ref": "v2.1",
        "repo": "LuaJIT",
        "type": "github"
      }
    },
    "master": {
      "locked": {
        "lastModified": 1781222808,
        "narHash": "sha256-owesg0fLPCRMBXh7o4Q5qhd5++sq9mujrqQMwrfivkM=",
        "owner": "Nixos",
        "repo": "nixpkgs",
        "rev": "b5fe71a44a0f98c585938b163ce62d04b98ce392",
        "type": "github"
      },
      "original": {
        "owner": "Nixos",
        "ref": "master",
        "repo": "nixpkgs",
        "type": "github"
      }
    },
    "millennium": {
      "inputs": {
        "luajit-src": "luajit-src",
        "millennium-src": "millennium-src",
        "nixpkgs": "nixpkgs_3"
      },
      "locked": {
        "dir": "packages/nix",
        "lastModified": 1780809398,
        "narHash": "sha256-0NfwQ+bfpmbZtHLmdH5qiLF4YW606iNFZeIYh9Os5UI=",
        "owner": "SteamClientHomebrew",
        "repo": "Millennium",
        "rev": "5869a909340520ca7fb7a5919f453303f67eba9f",
        "type": "github"
      },
      "original": {
        "dir": "packages/nix",
        "owner": "SteamClientHomebrew",
        "repo": "Millennium",
        "type": "github"
      }
    },
    "millennium-src": {
      "flake": false,
      "locked": {
        "lastModified": 1780619503,
        "narHash": "sha256-H6h3p4C3XtAhS64MnmRhHvDF8P1gEDGQ5Oo93KI5MvY=",
        "owner": "SteamClientHomebrew",
        "repo": "Millennium",
        "rev": "f8ec21d14e0f2536f099cd06dd099e39fd04cda7",
        "type": "github"
      },
      "original": {
        "owner": "SteamClientHomebrew",
        "repo": "Millennium",
        "rev": "f8ec21d14e0f2536f099cd06dd099e39fd04cda7",
        "type": "github"
      }
    },
    "nixpkgs": {
      "locked": {
        "lastModified": 1780243769,
        "narHash": "sha256-x5UQuRsH3MqI0U9afaXSNqzTPSeZlRLvFAav2Ux1pNw=",
        "owner": "nixos",
        "repo": "nixpkgs",
        "rev": "331800de5053fcebacf6813adb5db9c9dca22a0c",
        "type": "github"
      },
      "original": {
        "owner": "nixos",
        "ref": "nixos-unstable",
        "repo": "nixpkgs",
        "type": "github"
      }
    },
    "nixpkgs_2": {
      "locked": {
        "lastModified": 1751792365,
        "narHash": "sha256-J1kI6oAj25IG4EdVlg2hQz8NZTBNYvIS0l4wpr9KcUo=",
        "owner": "nixos",
        "repo": "nixpkgs",
        "rev": "1fd8bada0b6117e6c7eb54aad5813023eed37ccb",
        "type": "github"
      },
      "original": {
        "owner": "nixos",
        "ref": "nixos-unstable",
        "repo": "nixpkgs",
        "type": "github"
      }
    },
    "nixpkgs_3": {
      "locked": {
        "lastModified": 1770115704,
        "narHash": "sha256-KHFT9UWOF2yRPlAnSXQJh6uVcgNcWlFqqiAZ7OVlHNc=",
        "owner": "nixos",
        "repo": "nixpkgs",
        "rev": "e6eae2ee2110f3d31110d5c222cd395303343b08",
        "type": "github"
      },
      "original": {
        "owner": "nixos",
        "ref": "nixos-unstable",
        "repo": "nixpkgs",
        "type": "github"
      }
    },
    "noctalia": {
      "inputs": {
        "nixpkgs": [
          "nixpkgs"
        ],
        "noctalia-qs": "noctalia-qs"
      },
      "locked": {
        "lastModified": 1780949817,
        "narHash": "sha256-2oJuPyt+4dd+ZzO7TFqpmkSAAYpRg9SF4eV8kJGl6Tk=",
        "owner": "noctalia-dev",
        "repo": "noctalia",
        "rev": "f816591afc2f2f606d1f0cf70b51e95c04a7a8aa",
        "type": "github"
      },
      "original": {
        "owner": "noctalia-dev",
        "ref": "legacy-v4",
        "repo": "noctalia",
        "type": "github"
      }
    },
    "noctalia-qs": {
      "inputs": {
        "nixpkgs": [
          "noctalia",
          "nixpkgs"
        ],
        "systems": "systems_3",
        "treefmt-nix": "treefmt-nix"
      },
      "locked": {
        "lastModified": 1780799499,
        "narHash": "sha256-YloRtLqJabzYUWvdLyh67zH4DZrR3kQj+dlQJwLPmPM=",
        "owner": "noctalia-dev",
        "repo": "noctalia-qs",
        "rev": "f308426239665e3bc3d624014e9295b2ae2f58ff",
        "type": "github"
      },
      "original": {
        "owner": "noctalia-dev",
        "repo": "noctalia-qs",
        "type": "github"
      }
    },
    "root": {
      "inputs": {
        "anyrun": "anyrun",
        "ayugram-desktop": "ayugram-desktop",
        "cclock": "cclock",
        "disko": "disko",
        "dotfiles": "dotfiles",
        "home-manager": "home-manager",
        "master": "master",
        "millennium": "millennium",
        "nixpkgs": [
          "unstable"
        ],
        "noctalia": "noctalia",
        "sops-nix": "sops-nix",
        "spicetify-nix": "spicetify-nix",
        "stable": "stable",
        "unstable": "unstable",
        "zen-browser": "zen-browser",
        "zig-overlay": "zig-overlay"
      }
    },
    "sops-nix": {
      "inputs": {
        "nixpkgs": [
          "nixpkgs"
        ]
      },
      "locked": {
        "lastModified": 1780547341,
        "narHash": "sha256-Gq8KNx5A7hBB3uGJaj6eQfLDIz5YdLu92gqBcvHvoUo=",
        "owner": "Mic92",
        "repo": "sops-nix",
        "rev": "9ed65852b6257fbeae4355bc24ecfea307ca759a",
        "type": "github"
      },
      "original": {
        "owner": "Mic92",
        "repo": "sops-nix",
        "type": "github"
      }
    },
    "spicetify-nix": {
      "inputs": {
        "nixpkgs": [
          "nixpkgs"
        ],
        "systems": "systems_4"
      },
      "locked": {
        "lastModified": 1781101834,
        "narHash": "sha256-gNVY6SYglFe37FpD+NnOjTipsqvVMM2vh/uc22KDEsA=",
        "owner": "Gerg-L",
        "repo": "spicetify-nix",
        "rev": "0243dd6707c969fc8440216c811b3f2e4a4cceb7",
        "type": "github"
      },
      "original": {
        "owner": "Gerg-L",
        "repo": "spicetify-nix",
        "type": "github"
      }
    },
    "stable": {
      "locked": {
        "lastModified": 1751274312,
        "narHash": "sha256-/bVBlRpECLVzjV19t5KMdMFWSwKLtb5RyXdjz3LJT+g=",
        "owner": "Nixos",
        "repo": "nixpkgs",
        "rev": "50ab793786d9de88ee30ec4e4c24fb4236fc2674",
        "type": "github"
      },
      "original": {
        "owner": "Nixos",
        "ref": "nixos-24.11",
        "repo": "nixpkgs",
        "type": "github"
      }
    },
    "systems": {
      "locked": {
        "lastModified": 1689347949,
        "narHash": "sha256-12tWmuL2zgBgZkdoB6qXZsgJEH9LR3oUgpaQq2RbI80=",
        "owner": "nix-systems",
        "repo": "default-linux",
        "rev": "31732fcf5e8fea42e59c2488ad31a0e651500f68",
        "type": "github"
      },
      "original": {
        "owner": "nix-systems",
        "repo": "default-linux",
        "type": "github"
      }
    },
    "systems_2": {
      "locked": {
        "lastModified": 1681028828,
        "narHash": "sha256-Vy1rq5AaRuLzOxct8nz4T6wlgyUR7zLU309k9mBC768=",
        "owner": "nix-systems",
        "repo": "default",
        "rev": "da67096a3b9bf56a91d16901293e51ba5b49a27e",
        "type": "github"
      },
      "original": {
        "owner": "nix-systems",
        "repo": "default",
        "type": "github"
      }
    },
    "systems_3": {
      "locked": {
        "lastModified": 1689347949,
        "narHash": "sha256-12tWmuL2zgBgZkdoB6qXZsgJEH9LR3oUgpaQq2RbI80=",
        "owner": "nix-systems",
        "repo": "default-linux",
        "rev": "31732fcf5e8fea42e59c2488ad31a0e651500f68",
        "type": "github"
      },
      "original": {
        "owner": "nix-systems",
        "repo": "default-linux",
        "type": "github"
      }
    },
    "systems_4": {
      "locked": {
        "lastModified": 1681028828,
        "narHash": "sha256-Vy1rq5AaRuLzOxct8nz4T6wlgyUR7zLU309k9mBC768=",
        "owner": "nix-systems",
        "repo": "default",
        "rev": "da67096a3b9bf56a91d16901293e51ba5b49a27e",
        "type": "github"
      },
      "original": {
        "owner": "nix-systems",
        "repo": "default",
        "type": "github"
      }
    },
    "systems_5": {
      "flake": false,
      "locked": {
        "lastModified": 1681028828,
        "narHash": "sha256-Vy1rq5AaRuLzOxct8nz4T6wlgyUR7zLU309k9mBC768=",
        "owner": "nix-systems",
        "repo": "default",
        "rev": "da67096a3b9bf56a91d16901293e51ba5b49a27e",
        "type": "github"
      },
      "original": {
        "owner": "nix-systems",
        "repo": "default",
        "type": "github"
      }
    },
    "tg_owt": {
      "inputs": {
        "nixpkgs": [
          "ayugram-desktop",
          "nixpkgs"
        ]
      },
      "locked": {
        "lastModified": 1778847431,
        "narHash": "sha256-D7N+DQLcUFYANMo+N/odsVEwc263fFMlnMek+LaLBdg=",
        "owner": "ndfined-crp",
        "repo": "tg_owt",
        "rev": "1cc099e066c910e9cb3180777ce03f3d72cbfa27",
        "type": "github"
      },
      "original": {
        "owner": "ndfined-crp",
        "repo": "tg_owt",
        "type": "github"
      }
    },
    "treefmt-nix": {
      "inputs": {
        "nixpkgs": [
          "noctalia",
          "noctalia-qs",
          "nixpkgs"
        ]
      },
      "locked": {
        "lastModified": 1780220602,
        "narHash": "sha256-eynAfOmbmxJnkp7YewvCEbShNnnYJ9gLLqkzsYtBPeM=",
        "owner": "numtide",
        "repo": "treefmt-nix",
        "rev": "db947814a175b7ca6ded66e21383d938df01c227",
        "type": "github"
      },
      "original": {
        "owner": "numtide",
        "repo": "treefmt-nix",
        "type": "github"
      }
    },
    "unstable": {
      "locked": {
        "lastModified": 1781173989,
        "narHash": "sha256-zqS1Hjp9o14nN/YhXu/uqm36ot058fF9wmd7/H/hRKc=",
        "rev": "8c91a71d13451abc40eb9dae8910f972f979852f",
        "type": "tarball",
        "url": "https://releases.nixos.org/nixpkgs/nixpkgs-26.11pre1015022.8c91a71d1345/nixexprs.tar.xz"
      },
      "original": {
        "type": "tarball",
        "url": "https://channels.nixos.org/nixpkgs-unstable/nixexprs.tar.xz"
      }
    },
    "zen-browser": {
      "inputs": {
        "home-manager": [
          "home-manager"
        ],
        "nixpkgs": [
          "nixpkgs"
        ]
      },
      "locked": {
        "lastModified": 1781173532,
        "narHash": "sha256-MwnZpL82aQO1I15JH525vz6REI/OULEAmXDp6cIcgNg=",
        "owner": "0xc000022070",
        "repo": "zen-browser-flake",
        "rev": "f13e82162fae68af7716147207fa5f868f5ca381",
        "type": "github"
      },
      "original": {
        "owner": "0xc000022070",
        "repo": "zen-browser-flake",
        "type": "github"
      }
    },
    "zig-overlay": {
      "inputs": {
        "flake-compat": "flake-compat",
        "nixpkgs": [
          "nixpkgs"
        ],
        "systems": "systems_5"
      },
      "locked": {
        "lastModified": 1780967389,
        "narHash": "sha256-R+e70r1FSAR3keV6Dexk3hJplDHuTBX51lSKpDBQMkU=",
        "owner": "mitchellh",
        "repo": "zig-overlay",
        "rev": "e303caa9a6cc3a3e2b20a9e339961f418d905794",
        "type": "github"
      },
      "original": {
        "owner": "mitchellh",
        "repo": "zig-overlay",
        "type": "github"
      }
    }
  },
  "root": "root",
  "version": 7
}
